
Microsoft Visual Studio Solution File, Format Version 12.00
# Visual Studio 14
VisualStudioVersion = 14.0.23107.0
MinimumVisualStudioVersion = 10.0.40219.1
Project("{FAE04EC0-301F-11D3-BF4B-00C04F79EFBC}") = "ReactBoilerPlate", "ReactBoilerPlate\ReactBoilerPlate.csproj", "{070C5B4D-28AE-4337-9280-0DC2D526DEDF}"
EndProject
Global
	GlobalSection(SolutionConfigurationPlatforms) = preSolution
		Debug|Any CPU = Debug|Any CPU
		Release|Any CPU = Release|Any CPU
	EndGlobalSection
	GlobalSection(ProjectConfigurationPlatforms) = postSolution
		{070C5B4D-28AE-4337-9280-0DC2D526DEDF}.Debug|Any CPU.ActiveCfg = Debug|Any CPU
		{070C5B4D-28AE-4337-9280-0DC2D526DEDF}.Debug|Any CPU.Build.0 = Debug|Any CPU
		{070C5B4D-28AE-4337-9280-0DC2D526DEDF}.Release|Any CPU.ActiveCfg = Release|Any CPU
		{070C5B4D-28AE-4337-9280-0DC2D526DEDF}.Release|Any CPU.Build.0 = Release|Any CPU
	EndGlobalSection
	GlobalSection(SolutionProperties) = preSolution
		HideSolutionNode = FALSE
	EndGlobalSection
EndGlobal
